
Microsoft Visual Studio Solution File, Format Version 12.00
# Visual Studio Version 17
VisualStudioVersion = 17.13.35931.197 d17.13
MinimumVisualStudioVersion = 10.0.40219.1
Project("{FAE04EC0-301F-11D3-BF4B-00C04F79EFBC}") = "ProjetoTeste", "ProjetoTeste\ProjetoTeste.csproj", "{CA4C4197-0796-42B1-AFA7-3956CC508FAF}"
EndProject
Global
	GlobalSection(SolutionConfigurationPlatforms) = preSolution
		Debug|Any CPU = Debug|Any CPU
		Release|Any CPU = Release|Any CPU
	EndGlobalSection
	GlobalSection(ProjectConfigurationPlatforms) = postSolution
		{CA4C4197-0796-42B1-AFA7-3956CC508FAF}.Debug|Any CPU.ActiveCfg = Debug|Any CPU
		{CA4C4197-0796-42B1-AFA7-3956CC508FAF}.Debug|Any CPU.Build.0 = Debug|Any CPU
		{CA4C4197-0796-42B1-AFA7-3956CC508FAF}.Release|Any CPU.ActiveCfg = Release|Any CPU
		{CA4C4197-0796-42B1-AFA7-3956CC508FAF}.Release|Any CPU.Build.0 = Release|Any CPU
	EndGlobalSection
	GlobalSection(SolutionProperties) = preSolution
		HideSolutionNode = FALSE
	EndGlobalSection
	GlobalSection(ExtensibilityGlobals) = postSolution
		SolutionGuid = {7308C93E-55D8-4F2D-93EC-17696E7CD6F4}
	EndGlobalSection
EndGlobal
